
Microsoft Visual Studio Solution File, Format Version 12.00
# Visual Studio Version 17
VisualStudioVersion = 17.4.33205.214
MinimumVisualStudioVersion = 10.0.40219.1
Project("{8BC9CEB8-8B4A-11D0-8D11-00A0C91BC942}") = "CGP ASSESSMENT Matthew Brake", "CGP ASSESSMENT Matthew Brake.vcxproj", "{16A966A3-0786-4333-BF38-771A8EA80B77}"
EndProject
Global
	GlobalSection(SolutionConfigurationPlatforms) = preSolution
		Debug|x64 = Debug|x64
		Debug|x86 = Debug|x86
		Release|x64 = Release|x64
		Release|x86 = Release|x86
	EndGlobalSection
	GlobalSection(ProjectConfigurationPlatforms) = postSolution
		{16A966A3-0786-4333-BF38-771A8EA80B77}.Debug|x64.ActiveCfg = Debug|x64
		{16A966A3-0786-4333-BF38-771A8EA80B77}.Debug|x64.Build.0 = Debug|x64
		{16A966A3-0786-4333-BF38-771A8EA80B77}.Debug|x86.ActiveCfg = Debug|Win32
		{16A966A3-0786-4333-BF38-771A8EA80B77}.Debug|x86.Build.0 = Debug|Win32
		{16A966A3-0786-4333-BF38-771A8EA80B77}.Release|x64.ActiveCfg = Release|x64
		{16A966A3-0786-4333-BF38-771A8EA80B77}.Release|x64.Build.0 = Release|x64
		{16A966A3-0786-4333-BF38-771A8EA80B77}.Release|x86.ActiveCfg = Release|Win32
		{16A966A3-0786-4333-BF38-771A8EA80B77}.Release|x86.Build.0 = Release|Win32
	EndGlobalSection
	GlobalSection(SolutionProperties) = preSolution
		HideSolutionNode = FALSE
	EndGlobalSection
	GlobalSection(ExtensibilityGlobals) = postSolution
		SolutionGuid = {D6C8A321-D02C-4870-B58D-B9C28DB1B144}
	EndGlobalSection
EndGlobal
